
Microsoft Visual Studio Solution File, Format Version 12.00
# Visual Studio Version 16
VisualStudioVersion = 16.0.29728.190
MinimumVisualStudioVersion = 10.0.40219.1
Project("{FAE04EC0-301F-11D3-BF4B-00C04F79EFBC}") = "FindMyPet", "FindMyPet\FindMyPet.csproj", "{D8C42A22-F4B2-41DA-8B9A-E353A42DA811}"
EndProject
Global
	GlobalSection(SolutionConfigurationPlatforms) = preSolution
		Debug|Any CPU = Debug|Any CPU
		Release|Any CPU = Release|Any CPU
	EndGlobalSection
	GlobalSection(ProjectConfigurationPlatforms) = postSolution
		{D8C42A22-F4B2-41DA-8B9A-E353A42DA811}.Debug|Any CPU.ActiveCfg = Debug|Any CPU
		{D8C42A22-F4B2-41DA-8B9A-E353A42DA811}.Debug|Any CPU.Build.0 = Debug|Any CPU
		{D8C42A22-F4B2-41DA-8B9A-E353A42DA811}.Release|Any CPU.ActiveCfg = Release|Any CPU
		{D8C42A22-F4B2-41DA-8B9A-E353A42DA811}.Release|Any CPU.Build.0 = Release|Any CPU
	EndGlobalSection
	GlobalSection(SolutionProperties) = preSolution
		HideSolutionNode = FALSE
	EndGlobalSection
	GlobalSection(ExtensibilityGlobals) = postSolution
		SolutionGuid = {491DF6A6-AADA-43CB-9965-18341AD4B0E3}
	EndGlobalSection
EndGlobal
